{
  "name": "viteVue3",
  "version": "0.0.0",
  "lockfileVersion": 1,
  "requires": true,
  "dependencies": {
    "echarts-liquidfill": {
      "version": "2.0.6",
      "resolved": "https://registry.npmjs.org/echarts-liquidfill/-/echarts-liquidfill-2.0.6.tgz",
      "integrity": "sha512-p+AH0O9/BtwXMQQyhjJbMZo+GwRAgWG/DCyK5r27PQzpS0UWrgXu57MyEFc0A8Ub3sRuqEu08BuxwHICBkSWSQ=="
    },
    "vuex": {
      "version": "4.0.0-beta.4",
      "resolved": "https://registry.npmjs.org/vuex/-/vuex-4.0.0-beta.4.tgz",
      "integrity": "sha512-/+4E1dokq5cwbl4mohOqOj8h0vOLOWmLSqlqTf++bfmN9/JKWtwYfsBrzlK0sYrNfuYcpQeX0BVxQHoHXDfYZQ=="
    }
  }
}
