{
  "name": "viteVue3",
  "version": "0.0.0",
  "lockfileVersion": 1,
  "requires": true,
  "dependencies": {
    "vuex": {
      "version": "4.0.0-beta.4",
      "resolved": "https://registry.npmjs.org/vuex/-/vuex-4.0.0-beta.4.tgz",
      "integrity": "sha512-/+4E1dokq5cwbl4mohOqOj8h0vOLOWmLSqlqTf++bfmN9/JKWtwYfsBrzlK0sYrNfuYcpQeX0BVxQHoHXDfYZQ=="
    }
  }
}
